// !$*UTF8*$!
{
	archiveVersion = 1;
	classes = {
	};
	objectVersion = 55;
	objects = {

/* Begin PBXBuildFile section */
		1858551127E3790C00C981A1 /* EdvoraSRApp.swift in Sources */ = {isa = PBXBuildFile; fileRef = 1858551027E3790C00C981A1 /* EdvoraSRApp.swift */; };
		1858551327E3790C00C981A1 /* ContentView.swift in Sources */ = {isa = PBXBuildFile; fileRef = 1858551227E3790C00C981A1 /* ContentView.swift */; };
		1858551527E3790F00C981A1 /* Assets.xcassets in Resources */ = {isa = PBXBuildFile; fileRef = 1858551427E3790F00C981A1 /* Assets.xcassets */; };
		1858551827E3790F00C981A1 /* Preview Assets.xcassets in Resources */ = {isa = PBXBuildFile; fileRef = 1858551727E3790F00C981A1 /* Preview Assets.xcassets */; };
		1858552227E3790F00C981A1 /* EdvoraSRTests.swift in Sources */ = {isa = PBXBuildFile; fileRef = 1858552127E3790F00C981A1 /* EdvoraSRTests.swift */; };
		1858552C27E3790F00C981A1 /* EdvoraSRUITests.swift in Sources */ = {isa = PBXBuildFile; fileRef = 1858552B27E3790F00C981A1 /* EdvoraSRUITests.swift */; };
		1858552E27E3790F00C981A1 /* EdvoraSRUITestsLaunchTests.swift in Sources */ = {isa = PBXBuildFile; fileRef = 1858552D27E3790F00C981A1 /* EdvoraSRUITestsLaunchTests.swift */; };
		1858553B27E3793500C981A1 /* MainView.swift in Sources */ = {isa = PBXBuildFile; fileRef = 1858553A27E3793500C981A1 /* MainView.swift */; };
		18A6E80127E618440076DD18 /* ViewModel.swift in Sources */ = {isa = PBXBuildFile; fileRef = 18A6E80027E618440076DD18 /* ViewModel.swift */; };
/* End PBXBuildFile section */

/* Begin PBXContainerItemProxy section */
		1858551E27E3790F00C981A1 /* PBXContainerItemProxy */ = {
			isa = PBXContainerItemProxy;
			containerPortal = 1858550527E3790B00C981A1 /* Project object */;
			proxyType = 1;
			remoteGlobalIDString = 1858550C27E3790C00C981A1;
			remoteInfo = EdvoraSR;
		};
		1858552827E3790F00C981A1 /* PBXContainerItemProxy */ = {
			isa = PBXContainerItemProxy;
			containerPortal = 1858550527E3790B00C981A1 /* Project object */;
			proxyType = 1;
			remoteGlobalIDString = 1858550C27E3790C00C981A1;
			remoteInfo = EdvoraSR;
		};
/* End PBXContainerItemProxy section */

/* Begin PBXFileReference section */
		1858550D27E3790C00C981A1 /* EdvoraSR.app */ = {isa = PBXFileReference; explicitFileType = wrapper.application; includeInIndex = 0; path = EdvoraSR.app; sourceTree = BUILT_PRODUCTS_DIR; };
		1858551027E3790C00C981A1 /* EdvoraSRApp.swift */ = {isa = PBXFileReference; lastKnownFileType = sourcecode.swift; path = EdvoraSRApp.swift; sourceTree = "<group>"; };
		1858551227E3790C00C981A1 /* ContentView.swift */ = {isa = PBXFileReference; lastKnownFileType = sourcecode.swift; path = ContentView.swift; sourceTree = "<group>"; };
		1858551427E3790F00C981A1 /* Assets.xcassets */ = {isa = PBXFileReference; lastKnownFileType = folder.assetcatalog; path = Assets.xcassets; sourceTree = "<group>"; };
		1858551727E3790F00C981A1 /* Preview Assets.xcassets */ = {isa = PBXFileReference; lastKnownFileType = folder.assetcatalog; path = "Preview Assets.xcassets"; sourceTree = "<group>"; };
		1858551D27E3790F00C981A1 /* EdvoraSRTests.xctest */ = {isa = PBXFileReference; explicitFileType = wrapper.cfbundle; includeInIndex = 0; path = EdvoraSRTests.xctest; sourceTree = BUILT_PRODUCTS_DIR; };
		1858552127E3790F00C981A1 /* EdvoraSRTests.swift */ = {isa = PBXFileReference; lastKnownFileType = sourcecode.swift; path = EdvoraSRTests.swift; sourceTree = "<group>"; };
		1858552727E3790F00C981A1 /* EdvoraSRUITests.xctest */ = {isa = PBXFileReference; explicitFileType = wrapper.cfbundle; includeInIndex = 0; path = EdvoraSRUITests.xctest; sourceTree = BUILT_PRODUCTS_DIR; };
		1858552B27E3790F00C981A1 /* EdvoraSRUITests.swift */ = {isa = PBXFileReference; lastKnownFileType = sourcecode.swift; path = EdvoraSRUITests.swift; sourceTree = "<group>"; };
		1858552D27E3790F00C981A1 /* EdvoraSRUITestsLaunchTests.swift */ = {isa = PBXFileReference; lastKnownFileType = sourcecode.swift; path = EdvoraSRUITestsLaunchTests.swift; sourceTree = "<group>"; };
		1858553A27E3793500C981A1 /* MainView.swift */ = {isa = PBXFileReference; lastKnownFileType = sourcecode.swift; path = MainView.swift; sourceTree = "<group>"; };
		18A6E80027E618440076DD18 /* ViewModel.swift */ = {isa = PBXFileReference; lastKnownFileType = sourcecode.swift; path = ViewModel.swift; sourceTree = "<group>"; };
/* End PBXFileReference section */

/* Begin PBXFrameworksBuildPhase section */
		1858550A27E3790C00C981A1 /* Frameworks */ = {
			isa = PBXFrameworksBuildPhase;
			buildActionMask = 2147483647;
			files = (
			);
			runOnlyForDeploymentPostprocessing = 0;
		};
		1858551A27E3790F00C981A1 /* Frameworks */ = {
			isa = PBXFrameworksBuildPhase;
			buildActionMask = 2147483647;
			files = (
			);
			runOnlyForDeploymentPostprocessing = 0;
		};
		1858552427E3790F00C981A1 /* Frameworks */ = {
			isa = PBXFrameworksBuildPhase;
			buildActionMask = 2147483647;
			files = (
			);
			runOnlyForDeploymentPostprocessing = 0;
		};
/* End PBXFrameworksBuildPhase section */

/* Begin PBXGroup section */
		1858550427E3790B00C981A1 = {
			isa = PBXGroup;
			children = (
				1858550F27E3790C00C981A1 /* EdvoraSR */,
				1858552027E3790F00C981A1 /* EdvoraSRTests */,
				1858552A27E3790F00C981A1 /* EdvoraSRUITests */,
				1858550E27E3790C00C981A1 /* Products */,
			);
			sourceTree = "<group>";
		};
		1858550E27E3790C00C981A1 /* Products */ = {
			isa = PBXGroup;
			children = (
				1858550D27E3790C00C981A1 /* EdvoraSR.app */,
				1858551D27E3790F00C981A1 /* EdvoraSRTests.xctest */,
				1858552727E3790F00C981A1 /* EdvoraSRUITests.xctest */,
			);
			name = Products;
			sourceTree = "<group>";
		};
		1858550F27E3790C00C981A1 /* EdvoraSR */ = {
			isa = PBXGroup;
			children = (
				1858551027E3790C00C981A1 /* EdvoraSRApp.swift */,
				18A6E80227E673D00076DD18 /* View */,
				18A6E80027E618440076DD18 /* ViewModel.swift */,
				1858551427E3790F00C981A1 /* Assets.xcassets */,
				1858551627E3790F00C981A1 /* Preview Content */,
			);
			path = EdvoraSR;
			sourceTree = "<group>";
		};
		1858551627E3790F00C981A1 /* Preview Content */ = {
			isa = PBXGroup;
			children = (
				1858551727E3790F00C981A1 /* Preview Assets.xcassets */,
			);
			path = "Preview Content";
			sourceTree = "<group>";
		};
		1858552027E3790F00C981A1 /* EdvoraSRTests */ = {
			isa = PBXGroup;
			children = (
				1858552127E3790F00C981A1 /* EdvoraSRTests.swift */,
			);
			path = EdvoraSRTests;
			sourceTree = "<group>";
		};
		1858552A27E3790F00C981A1 /* EdvoraSRUITests */ = {
			isa = PBXGroup;
			children = (
				1858552B27E3790F00C981A1 /* EdvoraSRUITests.swift */,
				1858552D27E3790F00C981A1 /* EdvoraSRUITestsLaunchTests.swift */,
			);
			path = EdvoraSRUITests;
			sourceTree = "<group>";
		};
		18A6E80227E673D00076DD18 /* View */ = {
			isa = PBXGroup;
			children = (
				1858553A27E3793500C981A1 /* MainView.swift */,
				1858551227E3790C00C981A1 /* ContentView.swift */,
			);
			path = View;
			sourceTree = "<group>";
		};
/* End PBXGroup section */

/* Begin PBXNativeTarget section */
		1858550C27E3790C00C981A1 /* EdvoraSR */ = {
			isa = PBXNativeTarget;
			buildConfigurationList = 1858553127E3790F00C981A1 /* Build configuration list for PBXNativeTarget "EdvoraSR" */;
			buildPhases = (
				1858550927E3790C00C981A1 /* Sources */,
				1858550A27E3790C00C981A1 /* Frameworks */,
				1858550B27E3790C00C981A1 /* Resources */,
			);
			buildRules = (
			);
			dependencies = (
			);
			name = EdvoraSR;
			productName = EdvoraSR;
			productReference = 1858550D27E3790C00C981A1 /* EdvoraSR.app */;
			productType = "com.apple.product-type.application";
		};
		1858551C27E3790F00C981A1 /* EdvoraSRTests */ = {
			isa = PBXNativeTarget;
			buildConfigurationList = 1858553427E3790F00C981A1 /* Build configuration list for PBXNativeTarget "EdvoraSRTests" */;
			buildPhases = (
				1858551927E3790F00C981A1 /* Sources */,
				1858551A27E3790F00C981A1 /* Frameworks */,
				1858551B27E3790F00C981A1 /* Resources */,
			);
			buildRules = (
			);
			dependencies = (
				1858551F27E3790F00C981A1 /* PBXTargetDependency */,
			);
			name = EdvoraSRTests;
			productName = EdvoraSRTests;
			productReference = 1858551D27E3790F00C981A1 /* EdvoraSRTests.xctest */;
			productType = "com.apple.product-type.bundle.unit-test";
		};
		1858552627E3790F00C981A1 /* EdvoraSRUITests */ = {
			isa = PBXNativeTarget;
			buildConfigurationList = 1858553727E3790F00C981A1 /* Build configuration list for PBXNativeTarget "EdvoraSRUITests" */;
			buildPhases = (
				1858552327E3790F00C981A1 /* Sources */,
				1858552427E3790F00C981A1 /* Frameworks */,
				1858552527E3790F00C981A1 /* Resources */,
			);
			buildRules = (
			);
			dependencies = (
				1858552927E3790F00C981A1 /* PBXTargetDependency */,
			);
			name = EdvoraSRUITests;
			productName = EdvoraSRUITests;
			productReference = 1858552727E3790F00C981A1 /* EdvoraSRUITests.xctest */;
			productType = "com.apple.product-type.bundle.ui-testing";
		};
/* End PBXNativeTarget section */

/* Begin PBXProject section */
		1858550527E3790B00C981A1 /* Project object */ = {
			isa = PBXProject;
			attributes = {
				BuildIndependentTargetsInParallel = 1;
				LastSwiftUpdateCheck = 1300;
				LastUpgradeCheck = 1300;
				TargetAttributes = {
					1858550C27E3790C00C981A1 = {
						CreatedOnToolsVersion = 13.0;
					};
					1858551C27E3790F00C981A1 = {
						CreatedOnToolsVersion = 13.0;
						TestTargetID = 1858550C27E3790C00C981A1;
					};
					1858552627E3790F00C981A1 = {
						CreatedOnToolsVersion = 13.0;
						TestTargetID = 1858550C27E3790C00C981A1;
					};
				};
			};
			buildConfigurationList = 1858550827E3790B00C981A1 /* Build configuration list for PBXProject "EdvoraSR" */;
			compatibilityVersion = "Xcode 13.0";
			developmentRegion = en;
			hasScannedForEncodings = 0;
			knownRegions = (
				en,
				Base,
			);
			mainGroup = 1858550427E3790B00C981A1;
			productRefGroup = 1858550E27E3790C00C981A1 /* Products */;
			projectDirPath = "";
			projectRoot = "";
			targets = (
				1858550C27E3790C00C981A1 /* EdvoraSR */,
				1858551C27E3790F00C981A1 /* EdvoraSRTests */,
				1858552627E3790F00C981A1 /* EdvoraSRUITests */,
			);
		};
/* End PBXProject section */

/* Begin PBXResourcesBuildPhase section */
		1858550B27E3790C00C981A1 /* Resources */ = {
			isa = PBXResourcesBuildPhase;
			buildActionMask = 2147483647;
			files = (
				1858551827E3790F00C981A1 /* Preview Assets.xcassets in Resources */,
				1858551527E3790F00C981A1 /* Assets.xcassets in Resources */,
			);
			runOnlyForDeploymentPostprocessing = 0;
		};
		1858551B27E3790F00C981A1 /* Resources */ = {
			isa = PBXResourcesBuildPhase;
			buildActionMask = 2147483647;
			files = (
			);
			runOnlyForDeploymentPostprocessing = 0;
		};
		1858552527E3790F00C981A1 /* Resources */ = {
			isa = PBXResourcesBuildPhase;
			buildActionMask = 2147483647;
			files = (
			);
			runOnlyForDeploymentPostprocessing = 0;
		};
/* End PBXResourcesBuildPhase section */

/* Begin PBXSourcesBuildPhase section */
		1858550927E3790C00C981A1 /* Sources */ = {
			isa = PBXSourcesBuildPhase;
			buildActionMask = 2147483647;
			files = (
				1858551327E3790C00C981A1 /* ContentView.swift in Sources */,
				1858553B27E3793500C981A1 /* MainView.swift in Sources */,
				18A6E80127E618440076DD18 /* ViewModel.swift in Sources */,
				1858551127E3790C00C981A1 /* EdvoraSRApp.swift in Sources */,
			);
			runOnlyForDeploymentPostprocessing = 0;
		};
		1858551927E3790F00C981A1 /* Sources */ = {
			isa = PBXSourcesBuildPhase;
			buildActionMask = 2147483647;
			files = (
				1858552227E3790F00C981A1 /* EdvoraSRTests.swift in Sources */,
			);
			runOnlyForDeploymentPostprocessing = 0;
		};
		1858552327E3790F00C981A1 /* Sources */ = {
			isa = PBXSourcesBuildPhase;
			buildActionMask = 2147483647;
			files = (
				1858552E27E3790F00C981A1 /* EdvoraSRUITestsLaunchTests.swift in Sources */,
				1858552C27E3790F00C981A1 /* EdvoraSRUITests.swift in Sources */,
			);
			runOnlyForDeploymentPostprocessing = 0;
		};
/* End PBXSourcesBuildPhase section */

/* Begin PBXTargetDependency section */
		1858551F27E3790F00C981A1 /* PBXTargetDependency */ = {
			isa = PBXTargetDependency;
			target = 1858550C27E3790C00C981A1 /* EdvoraSR */;
			targetProxy = 1858551E27E3790F00C981A1 /* PBXContainerItemProxy */;
		};
		1858552927E3790F00C981A1 /* PBXTargetDependency */ = {
			isa = PBXTargetDependency;
			target = 1858550C27E3790C00C981A1 /* EdvoraSR */;
			targetProxy = 1858552827E3790F00C981A1 /* PBXContainerItemProxy */;
		};
/* End PBXTargetDependency section */

/* Begin XCBuildConfiguration section */
		1858552F27E3790F00C981A1 /* Debug */ = {
			isa = XCBuildConfiguration;
			buildSettings = {
				ALWAYS_SEARCH_USER_PATHS = NO;
				CLANG_ANALYZER_NONNULL = YES;
				CLANG_ANALYZER_NUMBER_OBJECT_CONVERSION = YES_AGGRESSIVE;
				CLANG_CXX_LANGUAGE_STANDARD = "gnu++17";
				CLANG_CXX_LIBRARY = "libc++";
				CLANG_ENABLE_MODULES = YES;
				CLANG_ENABLE_OBJC_ARC = YES;
				CLANG_ENABLE_OBJC_WEAK = YES;
				CLANG_WARN_BLOCK_CAPTURE_AUTORELEASING = YES;
				CLANG_WARN_BOOL_CONVERSION = YES;
				CLANG_WARN_COMMA = YES;
				CLANG_WARN_CONSTANT_CONVERSION = YES;
				CLANG_WARN_DEPRECATED_OBJC_IMPLEMENTATIONS = YES;
				CLANG_WARN_DIRECT_OBJC_ISA_USAGE = YES_ERROR;
				CLANG_WARN_DOCUMENTATION_COMMENTS = YES;
				CLANG_WARN_EMPTY_BODY = YES;
				CLANG_WARN_ENUM_CONVERSION = YES;
				CLANG_WARN_INFINITE_RECURSION = YES;
				CLANG_WARN_INT_CONVERSION = YES;
				CLANG_WARN_NON_LITERAL_NULL_CONVERSION = YES;
				CLANG_WARN_OBJC_IMPLICIT_RETAIN_SELF = YES;
				CLANG_WARN_OBJC_LITERAL_CONVERSION = YES;
				CLANG_WARN_OBJC_ROOT_CLASS = YES_ERROR;
				CLANG_WARN_QUOTED_INCLUDE_IN_FRAMEWORK_HEADER = YES;
				CLANG_WARN_RANGE_LOOP_ANALYSIS = YES;
				CLANG_WARN_STRICT_PROTOTYPES = YES;
				CLANG_WARN_SUSPICIOUS_MOVE = YES;
				CLANG_WARN_UNGUARDED_AVAILABILITY = YES_AGGRESSIVE;
				CLANG_WARN_UNREACHABLE_CODE = YES;
				CLANG_WARN__DUPLICATE_METHOD_MATCH = YES;
				COPY_PHASE_STRIP = NO;
				DEBUG_INFORMATION_FORMAT = dwarf;
				ENABLE_STRICT_OBJC_MSGSEND = YES;
				ENABLE_TESTABILITY = YES;
				GCC_C_LANGUAGE_STANDARD = gnu11;
				GCC_DYNAMIC_NO_PIC = NO;
				GCC_NO_COMMON_BLOCKS = YES;
				GCC_OPTIMIZATION_LEVEL = 0;
				GCC_PREPROCESSOR_DEFINITIONS = (
					"DEBUG=1",
					"$(inherited)",
				);
				GCC_WARN_64_TO_32_BIT_CONVERSION = YES;
				GCC_WARN_ABOUT_RETURN_TYPE = YES_ERROR;
				GCC_WARN_UNDECLARED_SELECTOR = YES;
				GCC_WARN_UNINITIALIZED_AUTOS = YES_AGGRESSIVE;
				GCC_WARN_UNUSED_FUNCTION = YES;
				GCC_WARN_UNUSED_VARIABLE = YES;
				IPHONEOS_DEPLOYMENT_TARGET = 15.0;
				MTL_ENABLE_DEBUG_INFO = INCLUDE_SOURCE;
				MTL_FAST_MATH = YES;
				ONLY_ACTIVE_ARCH = YES;
				SDKROOT = iphoneos;
				SWIFT_ACTIVE_COMPILATION_CONDITIONS = DEBUG;
				SWIFT_OPTIMIZATION_LEVEL = "-Onone";
			};
			name = Debug;
		};
		1858553027E3790F00C981A1 /* Release */ = {
			isa = XCBuildConfiguration;
			buildSettings = {
				ALWAYS_SEARCH_USER_PATHS = NO;
				CLANG_ANALYZER_NONNULL = YES;
				CLANG_ANALYZER_NUMBER_OBJECT_CONVERSION = YES_AGGRESSIVE;
				CLANG_CXX_LANGUAGE_STANDARD = "gnu++17";
				CLANG_CXX_LIBRARY = "libc++";
				CLANG_ENABLE_MODULES = YES;
				CLANG_ENABLE_OBJC_ARC = YES;
				CLANG_ENABLE_OBJC_WEAK = YES;
				CLANG_WARN_BLOCK_CAPTURE_AUTORELEASING = YES;
				CLANG_WARN_BOOL_CONVERSION = YES;
				CLANG_WARN_COMMA = YES;
				CLANG_WARN_CONSTANT_CONVERSION = YES;
				CLANG_WARN_DEPRECATED_OBJC_IMPLEMENTATIONS = YES;
				CLANG_WARN_DIRECT_OBJC_ISA_USAGE = YES_ERROR;
				CLANG_WARN_DOCUMENTATION_COMMENTS = YES;
				CLANG_WARN_EMPTY_BODY = YES;
				CLANG_WARN_ENUM_CONVERSION = YES;
				CLANG_WARN_INFINITE_RECURSION = YES;
				CLANG_WARN_INT_CONVERSION = YES;
				CLANG_WARN_NON_LITERAL_NULL_CONVERSION = YES;
				CLANG_WARN_OBJC_IMPLICIT_RETAIN_SELF = YES;
				CLANG_WARN_OBJC_LITERAL_CONVERSION = YES;
				CLANG_WARN_OBJC_ROOT_CLASS = YES_ERROR;
				CLANG_WARN_QUOTED_INCLUDE_IN_FRAMEWORK_HEADER = YES;
				CLANG_WARN_RANGE_LOOP_ANALYSIS = YES;
				CLANG_WARN_STRICT_PROTOTYPES = YES;
				CLANG_WARN_SUSPICIOUS_MOVE = YES;
				CLANG_WARN_UNGUARDED_AVAILABILITY = YES_AGGRESSIVE;
				CLANG_WARN_UNREACHABLE_CODE = YES;
				CLANG_WARN__DUPLICATE_METHOD_MATCH = YES;
				COPY_PHASE_STRIP = NO;
				DEBUG_INFORMATION_FORMAT = "dwarf-with-dsym";
				ENABLE_NS_ASSERTIONS = NO;
				ENABLE_STRICT_OBJC_MSGSEND = YES;
				GCC_C_LANGUAGE_STANDARD = gnu11;
				GCC_NO_COMMON_BLOCKS = YES;
				GCC_WARN_64_TO_32_BIT_CONVERSION = YES;
				GCC_WARN_ABOUT_RETURN_TYPE = YES_ERROR;
				GCC_WARN_UNDECLARED_SELECTOR = YES;
				GCC_WARN_UNINITIALIZED_AUTOS = YES_AGGRESSIVE;
				GCC_WARN_UNUSED_FUNCTION = YES;
				GCC_WARN_UNUSED_VARIABLE = YES;
				IPHONEOS_DEPLOYMENT_TARGET = 15.0;
				MTL_ENABLE_DEBUG_INFO = NO;
				MTL_FAST_MATH = YES;
				SDKROOT = iphoneos;
				SWIFT_COMPILATION_MODE = wholemodule;
				SWIFT_OPTIMIZATION_LEVEL = "-O";
				VALIDATE_PRODUCT = YES;
			};
			name = Release;
		};
		1858553227E3790F00C981A1 /* Debug */ = {
			isa = XCBuildConfiguration;
			buildSettings = {
				ASSETCATALOG_COMPILER_APPICON_NAME = AppIcon;
				ASSETCATALOG_COMPILER_GLOBAL_ACCENT_COLOR_NAME = AccentColor;
				CODE_SIGN_STYLE = Automatic;
				CURRENT_PROJECT_VERSION = 1;
				DEVELOPMENT_ASSET_PATHS = "\"EdvoraSR/Preview Content\"";
				ENABLE_PREVIEWS = YES;
				GENERATE_INFOPLIST_FILE = YES;
				INFOPLIST_KEY_UIApplicationSceneManifest_Generation = YES;
				INFOPLIST_KEY_UIApplicationSupportsIndirectInputEvents = YES;
				INFOPLIST_KEY_UILaunchScreen_Generation = YES;
				INFOPLIST_KEY_UISupportedInterfaceOrientations_iPad = "UIInterfaceOrientationPortrait UIInterfaceOrientationPortraitUpsideDown UIInterfaceOrientationLandscapeLeft UIInterfaceOrientationLandscapeRight";
				INFOPLIST_KEY_UISupportedInterfaceOrientations_iPhone = "UIInterfaceOrientationPortrait UIInterfaceOrientationLandscapeLeft UIInterfaceOrientationLandscapeRight";
				IPHONEOS_DEPLOYMENT_TARGET = 14.0;
				LD_RUNPATH_SEARCH_PATHS = (
					"$(inherited)",
					"@executable_path/Frameworks",
				);
				MARKETING_VERSION = 1.0;
				PRODUCT_BUNDLE_IDENTIFIER = Prajjwal.EdvoraSR;
				PRODUCT_NAME = "$(TARGET_NAME)";
				SWIFT_EMIT_LOC_STRINGS = YES;
				SWIFT_VERSION = 5.0;
				TARGETED_DEVICE_FAMILY = "1,2";
			};
			name = Debug;
		};
		1858553327E3790F00C981A1 /* Release */ = {
			isa = XCBuildConfiguration;
			buildSettings = {
				ASSETCATALOG_COMPILER_APPICON_NAME = AppIcon;
				ASSETCATALOG_COMPILER_GLOBAL_ACCENT_COLOR_NAME = AccentColor;
				CODE_SIGN_STYLE = Automatic;
				CURRENT_PROJECT_VERSION = 1;
				DEVELOPMENT_ASSET_PATHS = "\"EdvoraSR/Preview Content\"";
				ENABLE_PREVIEWS = YES;
				GENERATE_INFOPLIST_FILE = YES;
				INFOPLIST_KEY_UIApplicationSceneManifest_Generation = YES;
				INFOPLIST_KEY_UIApplicationSupportsIndirectInputEvents = YES;
				INFOPLIST_KEY_UILaunchScreen_Generation = YES;
				INFOPLIST_KEY_UISupportedInterfaceOrientations_iPad = "UIInterfaceOrientationPortrait UIInterfaceOrientationPortraitUpsideDown UIInterfaceOrientationLandscapeLeft UIInterfaceOrientationLandscapeRight";
				INFOPLIST_KEY_UISupportedInterfaceOrientations_iPhone = "UIInterfaceOrientationPortrait UIInterfaceOrientationLandscapeLeft UIInterfaceOrientationLandscapeRight";
				IPHONEOS_DEPLOYMENT_TARGET = 14.0;
				LD_RUNPATH_SEARCH_PATHS = (
					"$(inherited)",
					"@executable_path/Frameworks",
				);
				MARKETING_VERSION = 1.0;
				PRODUCT_BUNDLE_IDENTIFIER = Prajjwal.EdvoraSR;
				PRODUCT_NAME = "$(TARGET_NAME)";
				SWIFT_EMIT_LOC_STRINGS = YES;
				SWIFT_VERSION = 5.0;
				TARGETED_DEVICE_FAMILY = "1,2";
			};
			name = Release;
		};
		1858553527E3790F00C981A1 /* Debug */ = {
			isa = XCBuildConfiguration;
			buildSettings = {
				ALWAYS_EMBED_SWIFT_STANDARD_LIBRARIES = YES;
				BUNDLE_LOADER = "$(TEST_HOST)";
				CODE_SIGN_STYLE = Automatic;
				CURRENT_PROJECT_VERSION = 1;
				GENERATE_INFOPLIST_FILE = YES;
				IPHONEOS_DEPLOYMENT_TARGET = 14.0;
				LD_RUNPATH_SEARCH_PATHS = (
					"$(inherited)",
					"@executable_path/Frameworks",
					"@loader_path/Frameworks",
				);
				MARKETING_VERSION = 1.0;
				PRODUCT_BUNDLE_IDENTIFIER = Prajjwal.EdvoraSRTests;
				PRODUCT_NAME = "$(TARGET_NAME)";
				SWIFT_EMIT_LOC_STRINGS = NO;
				SWIFT_VERSION = 5.0;
				TARGETED_DEVICE_FAMILY = "1,2";
				TEST_HOST = "$(BUILT_PRODUCTS_DIR)/EdvoraSR.app/EdvoraSR";
			};
			name = Debug;
		};
		1858553627E3790F00C981A1 /* Release */ = {
			isa = XCBuildConfiguration;
			buildSettings = {
				ALWAYS_EMBED_SWIFT_STANDARD_LIBRARIES = YES;
				BUNDLE_LOADER = "$(TEST_HOST)";
				CODE_SIGN_STYLE = Automatic;
				CURRENT_PROJECT_VERSION = 1;
				GENERATE_INFOPLIST_FILE = YES;
				IPHONEOS_DEPLOYMENT_TARGET = 14.0;
				LD_RUNPATH_SEARCH_PATHS = (
					"$(inherited)",
					"@executable_path/Frameworks",
					"@loader_path/Frameworks",
				);
				MARKETING_VERSION = 1.0;
				PRODUCT_BUNDLE_IDENTIFIER = Prajjwal.EdvoraSRTests;
				PRODUCT_NAME = "$(TARGET_NAME)";
				SWIFT_EMIT_LOC_STRINGS = NO;
				SWIFT_VERSION = 5.0;
				TARGETED_DEVICE_FAMILY = "1,2";
				TEST_HOST = "$(BUILT_PRODUCTS_DIR)/EdvoraSR.app/EdvoraSR";
			};
			name = Release;
		};
		1858553827E3790F00C981A1 /* Debug */ = {
			isa = XCBuildConfiguration;
			buildSettings = {
				ALWAYS_EMBED_SWIFT_STANDARD_LIBRARIES = YES;
				CODE_SIGN_STYLE = Automatic;
				CURRENT_PROJECT_VERSION = 1;
				GENERATE_INFOPLIST_FILE = YES;
				LD_RUNPATH_SEARCH_PATHS = (
					"$(inherited)",
					"@executable_path/Frameworks",
					"@loader_path/Frameworks",
				);
				MARKETING_VERSION = 1.0;
				PRODUCT_BUNDLE_IDENTIFIER = Prajjwal.EdvoraSRUITests;
				PRODUCT_NAME = "$(TARGET_NAME)";
				SWIFT_EMIT_LOC_STRINGS = NO;
				SWIFT_VERSION = 5.0;
				TARGETED_DEVICE_FAMILY = "1,2";
				TEST_TARGET_NAME = EdvoraSR;
			};
			name = Debug;
		};
		1858553927E3790F00C981A1 /* Release */ = {
			isa = XCBuildConfiguration;
			buildSettings = {
				ALWAYS_EMBED_SWIFT_STANDARD_LIBRARIES = YES;
				CODE_SIGN_STYLE = Automatic;
				CURRENT_PROJECT_VERSION = 1;
				GENERATE_INFOPLIST_FILE = YES;
				LD_RUNPATH_SEARCH_PATHS = (
					"$(inherited)",
					"@executable_path/Frameworks",
					"@loader_path/Frameworks",
				);
				MARKETING_VERSION = 1.0;
				PRODUCT_BUNDLE_IDENTIFIER = Prajjwal.EdvoraSRUITests;
				PRODUCT_NAME = "$(TARGET_NAME)";
				SWIFT_EMIT_LOC_STRINGS = NO;
				SWIFT_VERSION = 5.0;
				TARGETED_DEVICE_FAMILY = "1,2";
				TEST_TARGET_NAME = EdvoraSR;
			};
			name = Release;
		};
/* End XCBuildConfiguration section */

/* Begin XCConfigurationList section */
		1858550827E3790B00C981A1 /* Build configuration list for PBXProject "EdvoraSR" */ = {
			isa = XCConfigurationList;
			buildConfigurations = (
				1858552F27E3790F00C981A1 /* Debug */,
				1858553027E3790F00C981A1 /* Release */,
			);
			defaultConfigurationIsVisible = 0;
			defaultConfigurationName = Release;
		};
		1858553127E3790F00C981A1 /* Build configuration list for PBXNativeTarget "EdvoraSR" */ = {
			isa = XCConfigurationList;
			buildConfigurations = (
				1858553227E3790F00C981A1 /* Debug */,
				1858553327E3790F00C981A1 /* Release */,
			);
			defaultConfigurationIsVisible = 0;
			defaultConfigurationName = Release;
		};
		1858553427E3790F00C981A1 /* Build configuration list for PBXNativeTarget "EdvoraSRTests" */ = {
			isa = XCConfigurationList;
			buildConfigurations = (
				1858553527E3790F00C981A1 /* Debug */,
				1858553627E3790F00C981A1 /* Release */,
			);
			defaultConfigurationIsVisible = 0;
			defaultConfigurationName = Release;
		};
		1858553727E3790F00C981A1 /* Build configuration list for PBXNativeTarget "EdvoraSRUITests" */ = {
			isa = XCConfigurationList;
			buildConfigurations = (
				1858553827E3790F00C981A1 /* Debug */,
				1858553927E3790F00C981A1 /* Release */,
			);
			defaultConfigurationIsVisible = 0;
			defaultConfigurationName = Release;
		};
/* End XCConfigurationList section */
	};
	rootObject = 1858550527E3790B00C981A1 /* Project object */;
}
